// !$*UTF8*$!
{
	archiveVersion = 1;
	classes = {
	};
	objectVersion = 46;
	objects = {

/* Begin PBXBuildFile section */
		D816EE6E19FC908F00102667 /* SBCurveView.m in Sources */ = {isa = PBXBuildFile; fileRef = D816EE6D19FC908F00102667 /* SBCurveView.m */; };
		D859DAB819F1E39B00137408 /* main.m in Sources */ = {isa = PBXBuildFile; fileRef = D859DAB719F1E39B00137408 /* main.m */; };
		D859DABB19F1E39B00137408 /* SBAppDelegate.m in Sources */ = {isa = PBXBuildFile; fileRef = D859DABA19F1E39B00137408 /* SBAppDelegate.m */; };
		D859DABD19F1E39B00137408 /* Images.xcassets in Resources */ = {isa = PBXBuildFile; fileRef = D859DABC19F1E39B00137408 /* Images.xcassets */; };
		D859DAC019F1E39B00137408 /* MainMenu.xib in Resources */ = {isa = PBXBuildFile; fileRef = D859DABE19F1E39B00137408 /* MainMenu.xib */; };
		D859DACC19F1E39C00137408 /* BinspectTests.m in Sources */ = {isa = PBXBuildFile; fileRef = D859DACB19F1E39C00137408 /* BinspectTests.m */; };
		D87F5C3419FAAA4A00E31BA6 /* SBWindowController.m in Sources */ = {isa = PBXBuildFile; fileRef = D87F5C3219FAAA4A00E31BA6 /* SBWindowController.m */; };
		D8A5E00A19FAD3AC00AC11D7 /* MainWindow.xib in Resources */ = {isa = PBXBuildFile; fileRef = D8A5E00919FAD3AC00AC11D7 /* MainWindow.xib */; };
		D8B8DBF41A06B48500EB53B7 /* ColourModeSimilarityPalette.c in Sources */ = {isa = PBXBuildFile; fileRef = D8B8DBF31A06B48500EB53B7 /* ColourModeSimilarityPalette.c */; };
/* End PBXBuildFile section */

/* Begin PBXContainerItemProxy section */
		D859DAC619F1E39C00137408 /* PBXContainerItemProxy */ = {
			isa = PBXContainerItemProxy;
			containerPortal = D859DAAA19F1E39B00137408 /* Project object */;
			proxyType = 1;
			remoteGlobalIDString = D859DAB119F1E39B00137408;
			remoteInfo = Binspect;
		};
/* End PBXContainerItemProxy section */

/* Begin PBXFileReference section */
		D816EE6C19FC908F00102667 /* SBCurveView.h */ = {isa = PBXFileReference; fileEncoding = 4; lastKnownFileType = sourcecode.c.h; path = SBCurveView.h; sourceTree = "<group>"; usesTabs = 1; };
		D816EE6D19FC908F00102667 /* SBCurveView.m */ = {isa = PBXFileReference; fileEncoding = 4; lastKnownFileType = sourcecode.c.objc; path = SBCurveView.m; sourceTree = "<group>"; usesTabs = 1; };
		D859DAB219F1E39B00137408 /* Binspect.app */ = {isa = PBXFileReference; explicitFileType = wrapper.application; includeInIndex = 0; path = Binspect.app; sourceTree = BUILT_PRODUCTS_DIR; };
		D859DAB619F1E39B00137408 /* Info.plist */ = {isa = PBXFileReference; lastKnownFileType = text.plist.xml; path = Info.plist; sourceTree = "<group>"; };
		D859DAB719F1E39B00137408 /* main.m */ = {isa = PBXFileReference; lastKnownFileType = sourcecode.c.objc; path = main.m; sourceTree = "<group>"; };
		D859DAB919F1E39B00137408 /* SBAppDelegate.h */ = {isa = PBXFileReference; lastKnownFileType = sourcecode.c.h; path = SBAppDelegate.h; sourceTree = "<group>"; usesTabs = 1; };
		D859DABA19F1E39B00137408 /* SBAppDelegate.m */ = {isa = PBXFileReference; lastKnownFileType = sourcecode.c.objc; path = SBAppDelegate.m; sourceTree = "<group>"; usesTabs = 1; };
		D859DABC19F1E39B00137408 /* Images.xcassets */ = {isa = PBXFileReference; lastKnownFileType = folder.assetcatalog; path = Images.xcassets; sourceTree = "<group>"; };
		D859DABF19F1E39B00137408 /* Base */ = {isa = PBXFileReference; lastKnownFileType = file.xib; name = Base; path = Base.lproj/MainMenu.xib; sourceTree = "<group>"; };
		D859DAC519F1E39C00137408 /* BinspectTests.xctest */ = {isa = PBXFileReference; explicitFileType = wrapper.cfbundle; includeInIndex = 0; path = BinspectTests.xctest; sourceTree = BUILT_PRODUCTS_DIR; };
		D859DACA19F1E39C00137408 /* Info.plist */ = {isa = PBXFileReference; lastKnownFileType = text.plist.xml; path = Info.plist; sourceTree = "<group>"; };
		D859DACB19F1E39C00137408 /* BinspectTests.m */ = {isa = PBXFileReference; lastKnownFileType = sourcecode.c.objc; path = BinspectTests.m; sourceTree = "<group>"; };
		D87F5C3119FAAA4A00E31BA6 /* SBWindowController.h */ = {isa = PBXFileReference; fileEncoding = 4; lastKnownFileType = sourcecode.c.h; path = SBWindowController.h; sourceTree = "<group>"; usesTabs = 1; };
		D87F5C3219FAAA4A00E31BA6 /* SBWindowController.m */ = {isa = PBXFileReference; fileEncoding = 4; lastKnownFileType = sourcecode.c.objc; path = SBWindowController.m; sourceTree = "<group>"; usesTabs = 1; };
		D8A5E00919FAD3AC00AC11D7 /* MainWindow.xib */ = {isa = PBXFileReference; fileEncoding = 4; lastKnownFileType = file.xib; path = MainWindow.xib; sourceTree = "<group>"; };
		D8B8DBF31A06B48500EB53B7 /* ColourModeSimilarityPalette.c */ = {isa = PBXFileReference; fileEncoding = 4; lastKnownFileType = sourcecode.c.c; path = ColourModeSimilarityPalette.c; sourceTree = "<group>"; usesTabs = 1; };
/* End PBXFileReference section */

/* Begin PBXFrameworksBuildPhase section */
		D859DAAF19F1E39B00137408 /* Frameworks */ = {
			isa = PBXFrameworksBuildPhase;
			buildActionMask = 2147483647;
			files = (
			);
			runOnlyForDeploymentPostprocessing = 0;
		};
		D859DAC219F1E39C00137408 /* Frameworks */ = {
			isa = PBXFrameworksBuildPhase;
			buildActionMask = 2147483647;
			files = (
			);
			runOnlyForDeploymentPostprocessing = 0;
		};
/* End PBXFrameworksBuildPhase section */

/* Begin PBXGroup section */
		D80ADA981A0FCDEA001A8114 /* Resources */ = {
			isa = PBXGroup;
			children = (
				D8B8DBF31A06B48500EB53B7 /* ColourModeSimilarityPalette.c */,
			);
			name = Resources;
			sourceTree = "<group>";
		};
		D859DAA919F1E39B00137408 = {
			isa = PBXGroup;
			children = (
				D859DAB419F1E39B00137408 /* Binspect */,
				D859DAB319F1E39B00137408 /* Products */,
				D859DAC819F1E39C00137408 /* BinspectTests */,
				D859DAB519F1E39B00137408 /* Supporting Files */,
			);
			sourceTree = "<group>";
			usesTabs = 1;
		};
		D859DAB319F1E39B00137408 /* Products */ = {
			isa = PBXGroup;
			children = (
				D859DAB219F1E39B00137408 /* Binspect.app */,
				D859DAC519F1E39C00137408 /* BinspectTests.xctest */,
			);
			name = Products;
			sourceTree = "<group>";
		};
		D859DAB419F1E39B00137408 /* Binspect */ = {
			isa = PBXGroup;
			children = (
				D859DAB919F1E39B00137408 /* SBAppDelegate.h */,
				D859DABA19F1E39B00137408 /* SBAppDelegate.m */,
				D859DABC19F1E39B00137408 /* Images.xcassets */,
				D87F5C3119FAAA4A00E31BA6 /* SBWindowController.h */,
				D87F5C3219FAAA4A00E31BA6 /* SBWindowController.m */,
				D816EE6C19FC908F00102667 /* SBCurveView.h */,
				D816EE6D19FC908F00102667 /* SBCurveView.m */,
				D8F847A01A0D1D9400FA7B5F /* Nibs */,
				D80ADA981A0FCDEA001A8114 /* Resources */,
			);
			path = Binspect;
			sourceTree = "<group>";
		};
		D859DAB519F1E39B00137408 /* Supporting Files */ = {
			isa = PBXGroup;
			children = (
				D859DAB619F1E39B00137408 /* Info.plist */,
				D859DAB719F1E39B00137408 /* main.m */,
			);
			name = "Supporting Files";
			path = Binspect;
			sourceTree = "<group>";
		};
		D859DAC819F1E39C00137408 /* BinspectTests */ = {
			isa = PBXGroup;
			children = (
				D859DACB19F1E39C00137408 /* BinspectTests.m */,
				D859DAC919F1E39C00137408 /* Supporting Files */,
			);
			path = BinspectTests;
			sourceTree = SOURCE_ROOT;
		};
		D859DAC919F1E39C00137408 /* Supporting Files */ = {
			isa = PBXGroup;
			children = (
				D859DACA19F1E39C00137408 /* Info.plist */,
			);
			name = "Supporting Files";
			sourceTree = "<group>";
		};
		D8F847A01A0D1D9400FA7B5F /* Nibs */ = {
			isa = PBXGroup;
			children = (
				D859DABE19F1E39B00137408 /* MainMenu.xib */,
				D8A5E00919FAD3AC00AC11D7 /* MainWindow.xib */,
			);
			name = Nibs;
			sourceTree = "<group>";
		};
/* End PBXGroup section */

/* Begin PBXNativeTarget section */
		D859DAB119F1E39B00137408 /* Binspect */ = {
			isa = PBXNativeTarget;
			buildConfigurationList = D859DACF19F1E39C00137408 /* Build configuration list for PBXNativeTarget "Binspect" */;
			buildPhases = (
				D859DAAE19F1E39B00137408 /* Sources */,
				D859DAAF19F1E39B00137408 /* Frameworks */,
				D859DAB019F1E39B00137408 /* Resources */,
			);
			buildRules = (
			);
			dependencies = (
			);
			name = Binspect;
			productName = Binspect;
			productReference = D859DAB219F1E39B00137408 /* Binspect.app */;
			productType = "com.apple.product-type.application";
		};
		D859DAC419F1E39C00137408 /* BinspectTests */ = {
			isa = PBXNativeTarget;
			buildConfigurationList = D859DAD219F1E39C00137408 /* Build configuration list for PBXNativeTarget "BinspectTests" */;
			buildPhases = (
				D859DAC119F1E39C00137408 /* Sources */,
				D859DAC219F1E39C00137408 /* Frameworks */,
				D859DAC319F1E39C00137408 /* Resources */,
			);
			buildRules = (
			);
			dependencies = (
				D859DAC719F1E39C00137408 /* PBXTargetDependency */,
			);
			name = BinspectTests;
			productName = BinspectTests;
			productReference = D859DAC519F1E39C00137408 /* BinspectTests.xctest */;
			productType = "com.apple.product-type.bundle.unit-test";
		};
/* End PBXNativeTarget section */

/* Begin PBXProject section */
		D859DAAA19F1E39B00137408 /* Project object */ = {
			isa = PBXProject;
			attributes = {
				LastUpgradeCheck = 0600;
				ORGANIZATIONNAME = "Joe Savage";
				TargetAttributes = {
					D859DAB119F1E39B00137408 = {
						CreatedOnToolsVersion = 6.0.1;
					};
					D859DAC419F1E39C00137408 = {
						CreatedOnToolsVersion = 6.0.1;
						TestTargetID = D859DAB119F1E39B00137408;
					};
				};
			};
			buildConfigurationList = D859DAAD19F1E39B00137408 /* Build configuration list for PBXProject "Binspect" */;
			compatibilityVersion = "Xcode 3.2";
			developmentRegion = English;
			hasScannedForEncodings = 0;
			knownRegions = (
				en,
				Base,
			);
			mainGroup = D859DAA919F1E39B00137408;
			productRefGroup = D859DAB319F1E39B00137408 /* Products */;
			projectDirPath = "";
			projectRoot = "";
			targets = (
				D859DAB119F1E39B00137408 /* Binspect */,
				D859DAC419F1E39C00137408 /* BinspectTests */,
			);
		};
/* End PBXProject section */

/* Begin PBXResourcesBuildPhase section */
		D859DAB019F1E39B00137408 /* Resources */ = {
			isa = PBXResourcesBuildPhase;
			buildActionMask = 2147483647;
			files = (
				D859DABD19F1E39B00137408 /* Images.xcassets in Resources */,
				D859DAC019F1E39B00137408 /* MainMenu.xib in Resources */,
				D8A5E00A19FAD3AC00AC11D7 /* MainWindow.xib in Resources */,
			);
			runOnlyForDeploymentPostprocessing = 0;
		};
		D859DAC319F1E39C00137408 /* Resources */ = {
			isa = PBXResourcesBuildPhase;
			buildActionMask = 2147483647;
			files = (
			);
			runOnlyForDeploymentPostprocessing = 0;
		};
/* End PBXResourcesBuildPhase section */

/* Begin PBXSourcesBuildPhase section */
		D859DAAE19F1E39B00137408 /* Sources */ = {
			isa = PBXSourcesBuildPhase;
			buildActionMask = 2147483647;
			files = (
				D87F5C3419FAAA4A00E31BA6 /* SBWindowController.m in Sources */,
				D859DABB19F1E39B00137408 /* SBAppDelegate.m in Sources */,
				D816EE6E19FC908F00102667 /* SBCurveView.m in Sources */,
				D859DAB819F1E39B00137408 /* main.m in Sources */,
				D8B8DBF41A06B48500EB53B7 /* ColourModeSimilarityPalette.c in Sources */,
			);
			runOnlyForDeploymentPostprocessing = 0;
		};
		D859DAC119F1E39C00137408 /* Sources */ = {
			isa = PBXSourcesBuildPhase;
			buildActionMask = 2147483647;
			files = (
				D859DACC19F1E39C00137408 /* BinspectTests.m in Sources */,
			);
			runOnlyForDeploymentPostprocessing = 0;
		};
/* End PBXSourcesBuildPhase section */

/* Begin PBXTargetDependency section */
		D859DAC719F1E39C00137408 /* PBXTargetDependency */ = {
			isa = PBXTargetDependency;
			target = D859DAB119F1E39B00137408 /* Binspect */;
			targetProxy = D859DAC619F1E39C00137408 /* PBXContainerItemProxy */;
		};
/* End PBXTargetDependency section */

/* Begin PBXVariantGroup section */
		D859DABE19F1E39B00137408 /* MainMenu.xib */ = {
			isa = PBXVariantGroup;
			children = (
				D859DABF19F1E39B00137408 /* Base */,
			);
			name = MainMenu.xib;
			sourceTree = "<group>";
		};
/* End PBXVariantGroup section */

/* Begin XCBuildConfiguration section */
		D859DACD19F1E39C00137408 /* Debug */ = {
			isa = XCBuildConfiguration;
			buildSettings = {
				ALWAYS_SEARCH_USER_PATHS = NO;
				CLANG_CXX_LANGUAGE_STANDARD = "gnu++0x";
				CLANG_CXX_LIBRARY = "libc++";
				CLANG_ENABLE_MODULES = YES;
				CLANG_ENABLE_OBJC_ARC = YES;
				CLANG_WARN_BOOL_CONVERSION = YES;
				CLANG_WARN_CONSTANT_CONVERSION = YES;
				CLANG_WARN_DIRECT_OBJC_ISA_USAGE = YES_ERROR;
				CLANG_WARN_EMPTY_BODY = YES;
				CLANG_WARN_ENUM_CONVERSION = YES;
				CLANG_WARN_INT_CONVERSION = YES;
				CLANG_WARN_OBJC_ROOT_CLASS = YES_ERROR;
				CLANG_WARN_UNREACHABLE_CODE = YES;
				CLANG_WARN__DUPLICATE_METHOD_MATCH = YES;
				CODE_SIGN_IDENTITY = "-";
				COPY_PHASE_STRIP = NO;
				ENABLE_STRICT_OBJC_MSGSEND = YES;
				GCC_C_LANGUAGE_STANDARD = gnu99;
				GCC_DYNAMIC_NO_PIC = NO;
				GCC_OPTIMIZATION_LEVEL = 0;
				GCC_PREPROCESSOR_DEFINITIONS = (
					"DEBUG=1",
					"$(inherited)",
				);
				GCC_SYMBOLS_PRIVATE_EXTERN = NO;
				GCC_WARN_64_TO_32_BIT_CONVERSION = YES;
				GCC_WARN_ABOUT_RETURN_TYPE = YES_ERROR;
				GCC_WARN_UNDECLARED_SELECTOR = YES;
				GCC_WARN_UNINITIALIZED_AUTOS = YES_AGGRESSIVE;
				GCC_WARN_UNUSED_FUNCTION = YES;
				GCC_WARN_UNUSED_VARIABLE = YES;
				MACOSX_DEPLOYMENT_TARGET = 10.10;
				MTL_ENABLE_DEBUG_INFO = YES;
				ONLY_ACTIVE_ARCH = YES;
				SDKROOT = macosx;
			};
			name = Debug;
		};
		D859DACE19F1E39C00137408 /* Release */ = {
			isa = XCBuildConfiguration;
			buildSettings = {
				ALWAYS_SEARCH_USER_PATHS = NO;
				CLANG_CXX_LANGUAGE_STANDARD = "gnu++0x";
				CLANG_CXX_LIBRARY = "libc++";
				CLANG_ENABLE_MODULES = YES;
				CLANG_ENABLE_OBJC_ARC = YES;
				CLANG_WARN_BOOL_CONVERSION = YES;
				CLANG_WARN_CONSTANT_CONVERSION = YES;
				CLANG_WARN_DIRECT_OBJC_ISA_USAGE = YES_ERROR;
				CLANG_WARN_EMPTY_BODY = YES;
				CLANG_WARN_ENUM_CONVERSION = YES;
				CLANG_WARN_INT_CONVERSION = YES;
				CLANG_WARN_OBJC_ROOT_CLASS = YES_ERROR;
				CLANG_WARN_UNREACHABLE_CODE = YES;
				CLANG_WARN__DUPLICATE_METHOD_MATCH = YES;
				CODE_SIGN_IDENTITY = "-";
				COPY_PHASE_STRIP = YES;
				DEBUG_INFORMATION_FORMAT = "dwarf-with-dsym";
				ENABLE_NS_ASSERTIONS = NO;
				ENABLE_STRICT_OBJC_MSGSEND = YES;
				GCC_C_LANGUAGE_STANDARD = gnu99;
				GCC_WARN_64_TO_32_BIT_CONVERSION = YES;
				GCC_WARN_ABOUT_RETURN_TYPE = YES_ERROR;
				GCC_WARN_UNDECLARED_SELECTOR = YES;
				GCC_WARN_UNINITIALIZED_AUTOS = YES_AGGRESSIVE;
				GCC_WARN_UNUSED_FUNCTION = YES;
				GCC_WARN_UNUSED_VARIABLE = YES;
				MACOSX_DEPLOYMENT_TARGET = 10.10;
				MTL_ENABLE_DEBUG_INFO = NO;
				SDKROOT = macosx;
			};
			name = Release;
		};
		D859DAD019F1E39C00137408 /* Debug */ = {
			isa = XCBuildConfiguration;
			buildSettings = {
				ASSETCATALOG_COMPILER_APPICON_NAME = AppIcon;
				CLANG_ENABLE_OBJC_ARC = NO;
				COMBINE_HIDPI_IMAGES = YES;
				INFOPLIST_FILE = "$(SRCROOT)/Binspect/Info.plist";
				LD_RUNPATH_SEARCH_PATHS = "$(inherited) @executable_path/../Frameworks";
				PRODUCT_NAME = Binspect;
			};
			name = Debug;
		};
		D859DAD119F1E39C00137408 /* Release */ = {
			isa = XCBuildConfiguration;
			buildSettings = {
				ASSETCATALOG_COMPILER_APPICON_NAME = AppIcon;
				CLANG_ENABLE_OBJC_ARC = NO;
				COMBINE_HIDPI_IMAGES = YES;
				INFOPLIST_FILE = "$(SRCROOT)/Binspect/Info.plist";
				LD_RUNPATH_SEARCH_PATHS = "$(inherited) @executable_path/../Frameworks";
				PRODUCT_NAME = Binspect;
			};
			name = Release;
		};
		D859DAD319F1E39C00137408 /* Debug */ = {
			isa = XCBuildConfiguration;
			buildSettings = {
				BUNDLE_LOADER = "$(TEST_HOST)";
				COMBINE_HIDPI_IMAGES = YES;
				FRAMEWORK_SEARCH_PATHS = (
					"$(DEVELOPER_FRAMEWORKS_DIR)",
					"$(inherited)",
				);
				GCC_PREPROCESSOR_DEFINITIONS = (
					"DEBUG=1",
					"$(inherited)",
				);
				INFOPLIST_FILE = BinspectTests/Info.plist;
				LD_RUNPATH_SEARCH_PATHS = "$(inherited) @executable_path/../Frameworks @loader_path/../Frameworks";
				PRODUCT_NAME = BinspectTests;
				TEST_HOST = "$(BUILT_PRODUCTS_DIR)/Binspect.app/Contents/MacOS/Binspect";
			};
			name = Debug;
		};
		D859DAD419F1E39C00137408 /* Release */ = {
			isa = XCBuildConfiguration;
			buildSettings = {
				BUNDLE_LOADER = "$(TEST_HOST)";
				COMBINE_HIDPI_IMAGES = YES;
				FRAMEWORK_SEARCH_PATHS = (
					"$(DEVELOPER_FRAMEWORKS_DIR)",
					"$(inherited)",
				);
				INFOPLIST_FILE = BinspectTests/Info.plist;
				LD_RUNPATH_SEARCH_PATHS = "$(inherited) @executable_path/../Frameworks @loader_path/../Frameworks";
				PRODUCT_NAME = BinspectTests;
				TEST_HOST = "$(BUILT_PRODUCTS_DIR)/Binspect.app/Contents/MacOS/Binspect";
			};
			name = Release;
		};
/* End XCBuildConfiguration section */

/* Begin XCConfigurationList section */
		D859DAAD19F1E39B00137408 /* Build configuration list for PBXProject "Binspect" */ = {
			isa = XCConfigurationList;
			buildConfigurations = (
				D859DACD19F1E39C00137408 /* Debug */,
				D859DACE19F1E39C00137408 /* Release */,
			);
			defaultConfigurationIsVisible = 0;
			defaultConfigurationName = Release;
		};
		D859DACF19F1E39C00137408 /* Build configuration list for PBXNativeTarget "Binspect" */ = {
			isa = XCConfigurationList;
			buildConfigurations = (
				D859DAD019F1E39C00137408 /* Debug */,
				D859DAD119F1E39C00137408 /* Release */,
			);
			defaultConfigurationIsVisible = 0;
			defaultConfigurationName = Release;
		};
		D859DAD219F1E39C00137408 /* Build configuration list for PBXNativeTarget "BinspectTests" */ = {
			isa = XCConfigurationList;
			buildConfigurations = (
				D859DAD319F1E39C00137408 /* Debug */,
				D859DAD419F1E39C00137408 /* Release */,
			);
			defaultConfigurationIsVisible = 0;
			defaultConfigurationName = Release;
		};
/* End XCConfigurationList section */
	};
	rootObject = D859DAAA19F1E39B00137408 /* Project object */;
}
